
Microsoft Visual Studio Solution File, Format Version 12.00
# Visual Studio Version 16
VisualStudioVersion = 16.0.31613.86
MinimumVisualStudioVersion = 10.0.40219.1
Project("{FAE04EC0-301F-11D3-BF4B-00C04F79EFBC}") = "FixAudiobookTitle", "FixAudiobookTitle.csproj", "{95D930DA-CB63-4ABC-A1CD-8D9DF9DE1387}"
EndProject
Global
	GlobalSection(SolutionConfigurationPlatforms) = preSolution
		Debug|Any CPU = Debug|Any CPU
		Release|Any CPU = Release|Any CPU
	EndGlobalSection
	GlobalSection(ProjectConfigurationPlatforms) = postSolution
		{95D930DA-CB63-4ABC-A1CD-8D9DF9DE1387}.Debug|Any CPU.ActiveCfg = Debug|Any CPU
		{95D930DA-CB63-4ABC-A1CD-8D9DF9DE1387}.Debug|Any CPU.Build.0 = Debug|Any CPU
		{95D930DA-CB63-4ABC-A1CD-8D9DF9DE1387}.Release|Any CPU.ActiveCfg = Release|Any CPU
		{95D930DA-CB63-4ABC-A1CD-8D9DF9DE1387}.Release|Any CPU.Build.0 = Release|Any CPU
	EndGlobalSection
	GlobalSection(SolutionProperties) = preSolution
		HideSolutionNode = FALSE
	EndGlobalSection
	GlobalSection(ExtensibilityGlobals) = postSolution
		SolutionGuid = {28ED84F6-2620-4EEE-AC10-A6B52C232076}
	EndGlobalSection
EndGlobal
